
Microsoft Visual Studio Solution File, Format Version 12.00
# Visual Studio 14
VisualStudioVersion = 14.0.25123.0
MinimumVisualStudioVersion = 10.0.40219.1
Project("{FAE04EC0-301F-11D3-BF4B-00C04F79EFBC}") = "Logger", "Logger\Logger.csproj", "{5FD379D8-5070-4572-93B1-C895439C9B65}"
EndProject
Project("{FAE04EC0-301F-11D3-BF4B-00C04F79EFBC}") = "Tester", "Tester\Tester.csproj", "{DBDFF55E-7D9F-45EE-92FB-CDAEE5A76AD2}"
EndProject
Project("{FAE04EC0-301F-11D3-BF4B-00C04F79EFBC}") = "Utilities", "Utilities\Utilities.csproj", "{DFFECEB0-510B-4961-8E9D-7F6C15673C49}"
EndProject
Global
	GlobalSection(SolutionConfigurationPlatforms) = preSolution
		Debug|Any CPU = Debug|Any CPU
		Release|Any CPU = Release|Any CPU
	EndGlobalSection
	GlobalSection(ProjectConfigurationPlatforms) = postSolution
		{5FD379D8-5070-4572-93B1-C895439C9B65}.Debug|Any CPU.ActiveCfg = Debug|Any CPU
		{5FD379D8-5070-4572-93B1-C895439C9B65}.Debug|Any CPU.Build.0 = Debug|Any CPU
		{5FD379D8-5070-4572-93B1-C895439C9B65}.Release|Any CPU.ActiveCfg = Release|Any CPU
		{5FD379D8-5070-4572-93B1-C895439C9B65}.Release|Any CPU.Build.0 = Release|Any CPU
		{DBDFF55E-7D9F-45EE-92FB-CDAEE5A76AD2}.Debug|Any CPU.ActiveCfg = Debug|Any CPU
		{DBDFF55E-7D9F-45EE-92FB-CDAEE5A76AD2}.Debug|Any CPU.Build.0 = Debug|Any CPU
		{DBDFF55E-7D9F-45EE-92FB-CDAEE5A76AD2}.Release|Any CPU.ActiveCfg = Release|Any CPU
		{DBDFF55E-7D9F-45EE-92FB-CDAEE5A76AD2}.Release|Any CPU.Build.0 = Release|Any CPU
		{DFFECEB0-510B-4961-8E9D-7F6C15673C49}.Debug|Any CPU.ActiveCfg = Debug|Any CPU
		{DFFECEB0-510B-4961-8E9D-7F6C15673C49}.Debug|Any CPU.Build.0 = Debug|Any CPU
		{DFFECEB0-510B-4961-8E9D-7F6C15673C49}.Release|Any CPU.ActiveCfg = Release|Any CPU
		{DFFECEB0-510B-4961-8E9D-7F6C15673C49}.Release|Any CPU.Build.0 = Release|Any CPU
	EndGlobalSection
	GlobalSection(SolutionProperties) = preSolution
		HideSolutionNode = FALSE
	EndGlobalSection
EndGlobal
